
Microsoft Visual Studio Solution File, Format Version 12.00
# Visual Studio 15
VisualStudioVersion = 15.0.26730.3
MinimumVisualStudioVersion = 10.0.40219.1
Project("{FAE04EC0-301F-11D3-BF4B-00C04F79EFBC}") = "NextStep", "NextStep\NextStep.csproj", "{EF7BFE30-8F15-40A9-AA81-004AD51AFD2E}"
EndProject
Global
	GlobalSection(SolutionConfigurationPlatforms) = preSolution
		Debug|Any CPU = Debug|Any CPU
		Release|Any CPU = Release|Any CPU
	EndGlobalSection
	GlobalSection(ProjectConfigurationPlatforms) = postSolution
		{EF7BFE30-8F15-40A9-AA81-004AD51AFD2E}.Debug|Any CPU.ActiveCfg = Debug|Any CPU
		{EF7BFE30-8F15-40A9-AA81-004AD51AFD2E}.Debug|Any CPU.Build.0 = Debug|Any CPU
		{EF7BFE30-8F15-40A9-AA81-004AD51AFD2E}.Release|Any CPU.ActiveCfg = Release|Any CPU
		{EF7BFE30-8F15-40A9-AA81-004AD51AFD2E}.Release|Any CPU.Build.0 = Release|Any CPU
	EndGlobalSection
	GlobalSection(SolutionProperties) = preSolution
		HideSolutionNode = FALSE
	EndGlobalSection
	GlobalSection(ExtensibilityGlobals) = postSolution
		SolutionGuid = {5B316CDA-7C69-49CA-9488-BDEAAE8B0F80}
	EndGlobalSection
EndGlobal
